
Microsoft Visual Studio Solution File, Format Version 12.00
# Visual Studio Version 17
VisualStudioVersion = 17.12.35527.113
MinimumVisualStudioVersion = 10.0.40219.1
Project("{2150E333-8FDC-42A3-9474-1A3956D46DE8}") = "1 Models", "1 Models", "{BB27C53E-5FFC-4167-A80D-D4443C708AB5}"
EndProject
Project("{FAE04EC0-301F-11D3-BF4B-00C04F79EFBC}") = "MeleeIndex.Models", "MeleeIndex.Models\MeleeIndex.Models.csproj", "{FFD37535-7639-47A3-A558-17089694D529}"
EndProject
Project("{2150E333-8FDC-42A3-9474-1A3956D46DE8}") = "2 Data", "2 Data", "{21CEFFE0-5F9F-4FD8-80B6-612207ABEBB6}"
EndProject
Project("{FAE04EC0-301F-11D3-BF4B-00C04F79EFBC}") = "MeleeIndex.DAL", "MeleeIndex.DAL\MeleeIndex.DAL.csproj", "{9C650360-B2CF-464D-AEAD-5C971B533232}"
EndProject
Project("{2150E333-8FDC-42A3-9474-1A3956D46DE8}") = "5 API", "5 API", "{1E4B8D6A-973F-4A73-A6A2-8BACB28839F1}"
EndProject
Project("{FAE04EC0-301F-11D3-BF4B-00C04F79EFBC}") = "MeleeIndex.Contracts", "MeleeIndex.Contracts\MeleeIndex.Contracts.csproj", "{43F43C3A-0E6C-4EFD-9816-B996F3C52CF1}"
EndProject
Project("{FAE04EC0-301F-11D3-BF4B-00C04F79EFBC}") = "MeleeIndex.GraphQL", "MeleeIndex-GraphQL\MeleeIndex.GraphQL.csproj", "{18C1C776-77BD-492D-9982-69D3DEC24407}"
EndProject
Project("{FAE04EC0-301F-11D3-BF4B-00C04F79EFBC}") = "MeleeIndex.Api", "MeleeIndex.Api\MeleeIndex.Api.csproj", "{C4174547-AF47-4278-B6E0-A6CC2DBCBF7A}"
EndProject
Project("{2150E333-8FDC-42A3-9474-1A3956D46DE8}") = "4 Services", "4 Services", "{E72E07BF-FCD3-45A8-A62A-E52038D6156F}"
EndProject
Project("{FAE04EC0-301F-11D3-BF4B-00C04F79EFBC}") = "MeleeIndex.Services", "MeleeIndex.Services\MeleeIndex.Services.csproj", "{1EFBC94D-363D-473B-9049-A9B96F81EEAD}"
EndProject
Project("{FAE04EC0-301F-11D3-BF4B-00C04F79EFBC}") = "MeleeIndex.Configurations", "MeleeIndex.Configurations\MeleeIndex.Configurations.csproj", "{9176AB88-9096-4B3E-B3FA-1E9CA4690259}"
EndProject
Project("{2150E333-8FDC-42A3-9474-1A3956D46DE8}") = "Solution Items", "Solution Items", "{8EC462FD-D22E-90A8-E5CE-7E832BA40C5D}"
	ProjectSection(SolutionItems) = preProject
		.editorconfig = .editorconfig
	EndProjectSection
EndProject
Project("{2150E333-8FDC-42A3-9474-1A3956D46DE8}") = "3 Repositories", "3 Repositories", "{34B97B6F-EA32-4087-B80C-5A9B45AA8238}"
EndProject
Project("{FAE04EC0-301F-11D3-BF4B-00C04F79EFBC}") = "MeleeIndex.Repositories", "MeleeIndex.Repositories\MeleeIndex.Repositories.csproj", "{6284BFFD-836F-46ED-A3B0-105EDC91AC0A}"
EndProject
Project("{2150E333-8FDC-42A3-9474-1A3956D46DE8}") = "6 Utilities", "6 Utilities", "{86E70622-419D-497F-8850-61175B416609}"
EndProject
Project("{FAE04EC0-301F-11D3-BF4B-00C04F79EFBC}") = "MeleeIndex.Utilities", "MeleeIndex.Utilities\MeleeIndex.Utilities.csproj", "{71D8B0CD-A3EC-446D-BC22-74C81A4A821B}"
EndProject
Project("{FAE04EC0-301F-11D3-BF4B-00C04F79EFBC}") = "MeleeIndex.Startup", "MeleeIndex.Startup\MeleeIndex.Startup.csproj", "{CE85AED4-A7FA-4C70-9937-3577693136DE}"
EndProject
Global
	GlobalSection(SolutionConfigurationPlatforms) = preSolution
		Debug|Any CPU = Debug|Any CPU
		Release|Any CPU = Release|Any CPU
	EndGlobalSection
	GlobalSection(ProjectConfigurationPlatforms) = postSolution
		{FFD37535-7639-47A3-A558-17089694D529}.Debug|Any CPU.ActiveCfg = Debug|Any CPU
		{FFD37535-7639-47A3-A558-17089694D529}.Debug|Any CPU.Build.0 = Debug|Any CPU
		{FFD37535-7639-47A3-A558-17089694D529}.Release|Any CPU.ActiveCfg = Release|Any CPU
		{FFD37535-7639-47A3-A558-17089694D529}.Release|Any CPU.Build.0 = Release|Any CPU
		{9C650360-B2CF-464D-AEAD-5C971B533232}.Debug|Any CPU.ActiveCfg = Debug|Any CPU
		{9C650360-B2CF-464D-AEAD-5C971B533232}.Debug|Any CPU.Build.0 = Debug|Any CPU
		{9C650360-B2CF-464D-AEAD-5C971B533232}.Release|Any CPU.ActiveCfg = Release|Any CPU
		{9C650360-B2CF-464D-AEAD-5C971B533232}.Release|Any CPU.Build.0 = Release|Any CPU
		{43F43C3A-0E6C-4EFD-9816-B996F3C52CF1}.Debug|Any CPU.ActiveCfg = Debug|Any CPU
		{43F43C3A-0E6C-4EFD-9816-B996F3C52CF1}.Debug|Any CPU.Build.0 = Debug|Any CPU
		{43F43C3A-0E6C-4EFD-9816-B996F3C52CF1}.Release|Any CPU.ActiveCfg = Release|Any CPU
		{43F43C3A-0E6C-4EFD-9816-B996F3C52CF1}.Release|Any CPU.Build.0 = Release|Any CPU
		{18C1C776-77BD-492D-9982-69D3DEC24407}.Debug|Any CPU.ActiveCfg = Debug|Any CPU
		{18C1C776-77BD-492D-9982-69D3DEC24407}.Debug|Any CPU.Build.0 = Debug|Any CPU
		{18C1C776-77BD-492D-9982-69D3DEC24407}.Release|Any CPU.ActiveCfg = Release|Any CPU
		{18C1C776-77BD-492D-9982-69D3DEC24407}.Release|Any CPU.Build.0 = Release|Any CPU
		{C4174547-AF47-4278-B6E0-A6CC2DBCBF7A}.Debug|Any CPU.ActiveCfg = Debug|Any CPU
		{C4174547-AF47-4278-B6E0-A6CC2DBCBF7A}.Debug|Any CPU.Build.0 = Debug|Any CPU
		{C4174547-AF47-4278-B6E0-A6CC2DBCBF7A}.Release|Any CPU.ActiveCfg = Release|Any CPU
		{C4174547-AF47-4278-B6E0-A6CC2DBCBF7A}.Release|Any CPU.Build.0 = Release|Any CPU
		{1EFBC94D-363D-473B-9049-A9B96F81EEAD}.Debug|Any CPU.ActiveCfg = Debug|Any CPU
		{1EFBC94D-363D-473B-9049-A9B96F81EEAD}.Debug|Any CPU.Build.0 = Debug|Any CPU
		{1EFBC94D-363D-473B-9049-A9B96F81EEAD}.Release|Any CPU.ActiveCfg = Release|Any CPU
		{1EFBC94D-363D-473B-9049-A9B96F81EEAD}.Release|Any CPU.Build.0 = Release|Any CPU
		{9176AB88-9096-4B3E-B3FA-1E9CA4690259}.Debug|Any CPU.ActiveCfg = Debug|Any CPU
		{9176AB88-9096-4B3E-B3FA-1E9CA4690259}.Debug|Any CPU.Build.0 = Debug|Any CPU
		{9176AB88-9096-4B3E-B3FA-1E9CA4690259}.Release|Any CPU.ActiveCfg = Release|Any CPU
		{9176AB88-9096-4B3E-B3FA-1E9CA4690259}.Release|Any CPU.Build.0 = Release|Any CPU
		{6284BFFD-836F-46ED-A3B0-105EDC91AC0A}.Debug|Any CPU.ActiveCfg = Debug|Any CPU
		{6284BFFD-836F-46ED-A3B0-105EDC91AC0A}.Debug|Any CPU.Build.0 = Debug|Any CPU
		{6284BFFD-836F-46ED-A3B0-105EDC91AC0A}.Release|Any CPU.ActiveCfg = Release|Any CPU
		{6284BFFD-836F-46ED-A3B0-105EDC91AC0A}.Release|Any CPU.Build.0 = Release|Any CPU
		{71D8B0CD-A3EC-446D-BC22-74C81A4A821B}.Debug|Any CPU.ActiveCfg = Debug|Any CPU
		{71D8B0CD-A3EC-446D-BC22-74C81A4A821B}.Debug|Any CPU.Build.0 = Debug|Any CPU
		{71D8B0CD-A3EC-446D-BC22-74C81A4A821B}.Release|Any CPU.ActiveCfg = Release|Any CPU
		{71D8B0CD-A3EC-446D-BC22-74C81A4A821B}.Release|Any CPU.Build.0 = Release|Any CPU
		{CE85AED4-A7FA-4C70-9937-3577693136DE}.Debug|Any CPU.ActiveCfg = Debug|Any CPU
		{CE85AED4-A7FA-4C70-9937-3577693136DE}.Debug|Any CPU.Build.0 = Debug|Any CPU
		{CE85AED4-A7FA-4C70-9937-3577693136DE}.Release|Any CPU.ActiveCfg = Release|Any CPU
		{CE85AED4-A7FA-4C70-9937-3577693136DE}.Release|Any CPU.Build.0 = Release|Any CPU
	EndGlobalSection
	GlobalSection(SolutionProperties) = preSolution
		HideSolutionNode = FALSE
	EndGlobalSection
	GlobalSection(NestedProjects) = preSolution
		{FFD37535-7639-47A3-A558-17089694D529} = {BB27C53E-5FFC-4167-A80D-D4443C708AB5}
		{9C650360-B2CF-464D-AEAD-5C971B533232} = {21CEFFE0-5F9F-4FD8-80B6-612207ABEBB6}
		{43F43C3A-0E6C-4EFD-9816-B996F3C52CF1} = {1E4B8D6A-973F-4A73-A6A2-8BACB28839F1}
		{18C1C776-77BD-492D-9982-69D3DEC24407} = {1E4B8D6A-973F-4A73-A6A2-8BACB28839F1}
		{C4174547-AF47-4278-B6E0-A6CC2DBCBF7A} = {1E4B8D6A-973F-4A73-A6A2-8BACB28839F1}
		{1EFBC94D-363D-473B-9049-A9B96F81EEAD} = {E72E07BF-FCD3-45A8-A62A-E52038D6156F}
		{9176AB88-9096-4B3E-B3FA-1E9CA4690259} = {1E4B8D6A-973F-4A73-A6A2-8BACB28839F1}
		{6284BFFD-836F-46ED-A3B0-105EDC91AC0A} = {34B97B6F-EA32-4087-B80C-5A9B45AA8238}
		{71D8B0CD-A3EC-446D-BC22-74C81A4A821B} = {86E70622-419D-497F-8850-61175B416609}
		{CE85AED4-A7FA-4C70-9937-3577693136DE} = {1E4B8D6A-973F-4A73-A6A2-8BACB28839F1}
	EndGlobalSection
EndGlobal
